// !$*UTF8*$!
{
	archiveVersion = 1;
	classes = {
	};
	objectVersion = 55;
	objects = {

/* Begin PBXBuildFile section */
		688718222A1E65E400912FDB /* AppDelegate.swift in Sources */ = {isa = PBXBuildFile; fileRef = 688718212A1E65E400912FDB /* AppDelegate.swift */; };
		688718242A1E65E400912FDB /* SceneDelegate.swift in Sources */ = {isa = PBXBuildFile; fileRef = 688718232A1E65E400912FDB /* SceneDelegate.swift */; };
		688718262A1E65E400912FDB /* ViewController.swift in Sources */ = {isa = PBXBuildFile; fileRef = 688718252A1E65E400912FDB /* ViewController.swift */; };
		688718292A1E65E400912FDB /* Main.storyboard in Resources */ = {isa = PBXBuildFile; fileRef = 688718272A1E65E400912FDB /* Main.storyboard */; };
		6887182C2A1E65E400912FDB /* VelardeSoundBoard.xcdatamodeld in Sources */ = {isa = PBXBuildFile; fileRef = 6887182A2A1E65E400912FDB /* VelardeSoundBoard.xcdatamodeld */; };
		6887182E2A1E65E600912FDB /* Assets.xcassets in Resources */ = {isa = PBXBuildFile; fileRef = 6887182D2A1E65E600912FDB /* Assets.xcassets */; };
		688718312A1E65E600912FDB /* LaunchScreen.storyboard in Resources */ = {isa = PBXBuildFile; fileRef = 6887182F2A1E65E600912FDB /* LaunchScreen.storyboard */; };
		688718392A1E6CB500912FDB /* SoundViewController.swift in Sources */ = {isa = PBXBuildFile; fileRef = 688718382A1E6CB500912FDB /* SoundViewController.swift */; };
/* End PBXBuildFile section */

/* Begin PBXFileReference section */
		6887181E2A1E65E400912FDB /* VelardeSoundBoard.app */ = {isa = PBXFileReference; explicitFileType = wrapper.application; includeInIndex = 0; path = VelardeSoundBoard.app; sourceTree = BUILT_PRODUCTS_DIR; };
		688718212A1E65E400912FDB /* AppDelegate.swift */ = {isa = PBXFileReference; lastKnownFileType = sourcecode.swift; path = AppDelegate.swift; sourceTree = "<group>"; };
		688718232A1E65E400912FDB /* SceneDelegate.swift */ = {isa = PBXFileReference; lastKnownFileType = sourcecode.swift; path = SceneDelegate.swift; sourceTree = "<group>"; };
		688718252A1E65E400912FDB /* ViewController.swift */ = {isa = PBXFileReference; lastKnownFileType = sourcecode.swift; path = ViewController.swift; sourceTree = "<group>"; };
		688718282A1E65E400912FDB /* Base */ = {isa = PBXFileReference; lastKnownFileType = file.storyboard; name = Base; path = Base.lproj/Main.storyboard; sourceTree = "<group>"; };
		6887182B2A1E65E400912FDB /* VelardeSoundBoard.xcdatamodel */ = {isa = PBXFileReference; lastKnownFileType = wrapper.xcdatamodel; path = VelardeSoundBoard.xcdatamodel; sourceTree = "<group>"; };
		6887182D2A1E65E600912FDB /* Assets.xcassets */ = {isa = PBXFileReference; lastKnownFileType = folder.assetcatalog; path = Assets.xcassets; sourceTree = "<group>"; };
		688718302A1E65E600912FDB /* Base */ = {isa = PBXFileReference; lastKnownFileType = file.storyboard; name = Base; path = Base.lproj/LaunchScreen.storyboard; sourceTree = "<group>"; };
		688718322A1E65E600912FDB /* Info.plist */ = {isa = PBXFileReference; lastKnownFileType = text.plist.xml; path = Info.plist; sourceTree = "<group>"; };
		688718382A1E6CB500912FDB /* SoundViewController.swift */ = {isa = PBXFileReference; lastKnownFileType = sourcecode.swift; path = SoundViewController.swift; sourceTree = "<group>"; };
/* End PBXFileReference section */

/* Begin PBXFrameworksBuildPhase section */
		6887181B2A1E65E400912FDB /* Frameworks */ = {
			isa = PBXFrameworksBuildPhase;
			buildActionMask = 2147483647;
			files = (
			);
			runOnlyForDeploymentPostprocessing = 0;
		};
/* End PBXFrameworksBuildPhase section */

/* Begin PBXGroup section */
		688718152A1E65E400912FDB = {
			isa = PBXGroup;
			children = (
				688718202A1E65E400912FDB /* VelardeSoundBoard */,
				6887181F2A1E65E400912FDB /* Products */,
			);
			sourceTree = "<group>";
		};
		6887181F2A1E65E400912FDB /* Products */ = {
			isa = PBXGroup;
			children = (
				6887181E2A1E65E400912FDB /* VelardeSoundBoard.app */,
			);
			name = Products;
			sourceTree = "<group>";
		};
		688718202A1E65E400912FDB /* VelardeSoundBoard */ = {
			isa = PBXGroup;
			children = (
				688718212A1E65E400912FDB /* AppDelegate.swift */,
				688718232A1E65E400912FDB /* SceneDelegate.swift */,
				688718252A1E65E400912FDB /* ViewController.swift */,
				688718272A1E65E400912FDB /* Main.storyboard */,
				6887182D2A1E65E600912FDB /* Assets.xcassets */,
				6887182F2A1E65E600912FDB /* LaunchScreen.storyboard */,
				688718322A1E65E600912FDB /* Info.plist */,
				6887182A2A1E65E400912FDB /* VelardeSoundBoard.xcdatamodeld */,
				688718382A1E6CB500912FDB /* SoundViewController.swift */,
			);
			path = VelardeSoundBoard;
			sourceTree = "<group>";
		};
/* End PBXGroup section */

/* Begin PBXNativeTarget section */
		6887181D2A1E65E400912FDB /* VelardeSoundBoard */ = {
			isa = PBXNativeTarget;
			buildConfigurationList = 688718352A1E65E600912FDB /* Build configuration list for PBXNativeTarget "VelardeSoundBoard" */;
			buildPhases = (
				6887181A2A1E65E400912FDB /* Sources */,
				6887181B2A1E65E400912FDB /* Frameworks */,
				6887181C2A1E65E400912FDB /* Resources */,
			);
			buildRules = (
			);
			dependencies = (
			);
			name = VelardeSoundBoard;
			productName = VelardeSoundBoard;
			productReference = 6887181E2A1E65E400912FDB /* VelardeSoundBoard.app */;
			productType = "com.apple.product-type.application";
		};
/* End PBXNativeTarget section */

/* Begin PBXProject section */
		688718162A1E65E400912FDB /* Project object */ = {
			isa = PBXProject;
			attributes = {
				BuildIndependentTargetsInParallel = 1;
				LastSwiftUpdateCheck = 1340;
				LastUpgradeCheck = 1340;
				TargetAttributes = {
					6887181D2A1E65E400912FDB = {
						CreatedOnToolsVersion = 13.4;
					};
				};
			};
			buildConfigurationList = 688718192A1E65E400912FDB /* Build configuration list for PBXProject "VelardeSoundBoard" */;
			compatibilityVersion = "Xcode 13.0";
			developmentRegion = en;
			hasScannedForEncodings = 0;
			knownRegions = (
				en,
				Base,
			);
			mainGroup = 688718152A1E65E400912FDB;
			productRefGroup = 6887181F2A1E65E400912FDB /* Products */;
			projectDirPath = "";
			projectRoot = "";
			targets = (
				6887181D2A1E65E400912FDB /* VelardeSoundBoard */,
			);
		};
/* End PBXProject section */

/* Begin PBXResourcesBuildPhase section */
		6887181C2A1E65E400912FDB /* Resources */ = {
			isa = PBXResourcesBuildPhase;
			buildActionMask = 2147483647;
			files = (
				688718312A1E65E600912FDB /* LaunchScreen.storyboard in Resources */,
				6887182E2A1E65E600912FDB /* Assets.xcassets in Resources */,
				688718292A1E65E400912FDB /* Main.storyboard in Resources */,
			);
			runOnlyForDeploymentPostprocessing = 0;
		};
/* End PBXResourcesBuildPhase section */

/* Begin PBXSourcesBuildPhase section */
		6887181A2A1E65E400912FDB /* Sources */ = {
			isa = PBXSourcesBuildPhase;
			buildActionMask = 2147483647;
			files = (
				688718262A1E65E400912FDB /* ViewController.swift in Sources */,
				688718222A1E65E400912FDB /* AppDelegate.swift in Sources */,
				6887182C2A1E65E400912FDB /* VelardeSoundBoard.xcdatamodeld in Sources */,
				688718242A1E65E400912FDB /* SceneDelegate.swift in Sources */,
				688718392A1E6CB500912FDB /* SoundViewController.swift in Sources */,
			);
			runOnlyForDeploymentPostprocessing = 0;
		};
/* End PBXSourcesBuildPhase section */

/* Begin PBXVariantGroup section */
		688718272A1E65E400912FDB /* Main.storyboard */ = {
			isa = PBXVariantGroup;
			children = (
				688718282A1E65E400912FDB /* Base */,
			);
			name = Main.storyboard;
			sourceTree = "<group>";
		};
		6887182F2A1E65E600912FDB /* LaunchScreen.storyboard */ = {
			isa = PBXVariantGroup;
			children = (
				688718302A1E65E600912FDB /* Base */,
			);
			name = LaunchScreen.storyboard;
			sourceTree = "<group>";
		};
/* End PBXVariantGroup section */

/* Begin XCBuildConfiguration section */
		688718332A1E65E600912FDB /* Debug */ = {
			isa = XCBuildConfiguration;
			buildSettings = {
				ALWAYS_SEARCH_USER_PATHS = NO;
				CLANG_ANALYZER_NONNULL = YES;
				CLANG_ANALYZER_NUMBER_OBJECT_CONVERSION = YES_AGGRESSIVE;
				CLANG_CXX_LANGUAGE_STANDARD = "gnu++17";
				CLANG_ENABLE_MODULES = YES;
				CLANG_ENABLE_OBJC_ARC = YES;
				CLANG_ENABLE_OBJC_WEAK = YES;
				CLANG_WARN_BLOCK_CAPTURE_AUTORELEASING = YES;
				CLANG_WARN_BOOL_CONVERSION = YES;
				CLANG_WARN_COMMA = YES;
				CLANG_WARN_CONSTANT_CONVERSION = YES;
				CLANG_WARN_DEPRECATED_OBJC_IMPLEMENTATIONS = YES;
				CLANG_WARN_DIRECT_OBJC_ISA_USAGE = YES_ERROR;
				CLANG_WARN_DOCUMENTATION_COMMENTS = YES;
				CLANG_WARN_EMPTY_BODY = YES;
				CLANG_WARN_ENUM_CONVERSION = YES;
				CLANG_WARN_INFINITE_RECURSION = YES;
				CLANG_WARN_INT_CONVERSION = YES;
				CLANG_WARN_NON_LITERAL_NULL_CONVERSION = YES;
				CLANG_WARN_OBJC_IMPLICIT_RETAIN_SELF = YES;
				CLANG_WARN_OBJC_LITERAL_CONVERSION = YES;
				CLANG_WARN_OBJC_ROOT_CLASS = YES_ERROR;
				CLANG_WARN_QUOTED_INCLUDE_IN_FRAMEWORK_HEADER = YES;
				CLANG_WARN_RANGE_LOOP_ANALYSIS = YES;
				CLANG_WARN_STRICT_PROTOTYPES = YES;
				CLANG_WARN_SUSPICIOUS_MOVE = YES;
				CLANG_WARN_UNGUARDED_AVAILABILITY = YES_AGGRESSIVE;
				CLANG_WARN_UNREACHABLE_CODE = YES;
				CLANG_WARN__DUPLICATE_METHOD_MATCH = YES;
				COPY_PHASE_STRIP = NO;
				DEBUG_INFORMATION_FORMAT = dwarf;
				ENABLE_STRICT_OBJC_MSGSEND = YES;
				ENABLE_TESTABILITY = YES;
				GCC_C_LANGUAGE_STANDARD = gnu11;
				GCC_DYNAMIC_NO_PIC = NO;
				GCC_NO_COMMON_BLOCKS = YES;
				GCC_OPTIMIZATION_LEVEL = 0;
				GCC_PREPROCESSOR_DEFINITIONS = (
					"DEBUG=1",
					"$(inherited)",
				);
				GCC_WARN_64_TO_32_BIT_CONVERSION = YES;
				GCC_WARN_ABOUT_RETURN_TYPE = YES_ERROR;
				GCC_WARN_UNDECLARED_SELECTOR = YES;
				GCC_WARN_UNINITIALIZED_AUTOS = YES_AGGRESSIVE;
				GCC_WARN_UNUSED_FUNCTION = YES;
				GCC_WARN_UNUSED_VARIABLE = YES;
				IPHONEOS_DEPLOYMENT_TARGET = 15.5;
				MTL_ENABLE_DEBUG_INFO = INCLUDE_SOURCE;
				MTL_FAST_MATH = YES;
				ONLY_ACTIVE_ARCH = YES;
				SDKROOT = iphoneos;
				SWIFT_ACTIVE_COMPILATION_CONDITIONS = DEBUG;
				SWIFT_OPTIMIZATION_LEVEL = "-Onone";
			};
			name = Debug;
		};
		688718342A1E65E600912FDB /* Release */ = {
			isa = XCBuildConfiguration;
			buildSettings = {
				ALWAYS_SEARCH_USER_PATHS = NO;
				CLANG_ANALYZER_NONNULL = YES;
				CLANG_ANALYZER_NUMBER_OBJECT_CONVERSION = YES_AGGRESSIVE;
				CLANG_CXX_LANGUAGE_STANDARD = "gnu++17";
				CLANG_ENABLE_MODULES = YES;
				CLANG_ENABLE_OBJC_ARC = YES;
				CLANG_ENABLE_OBJC_WEAK = YES;
				CLANG_WARN_BLOCK_CAPTURE_AUTORELEASING = YES;
				CLANG_WARN_BOOL_CONVERSION = YES;
				CLANG_WARN_COMMA = YES;
				CLANG_WARN_CONSTANT_CONVERSION = YES;
				CLANG_WARN_DEPRECATED_OBJC_IMPLEMENTATIONS = YES;
				CLANG_WARN_DIRECT_OBJC_ISA_USAGE = YES_ERROR;
				CLANG_WARN_DOCUMENTATION_COMMENTS = YES;
				CLANG_WARN_EMPTY_BODY = YES;
				CLANG_WARN_ENUM_CONVERSION = YES;
				CLANG_WARN_INFINITE_RECURSION = YES;
				CLANG_WARN_INT_CONVERSION = YES;
				CLANG_WARN_NON_LITERAL_NULL_CONVERSION = YES;
				CLANG_WARN_OBJC_IMPLICIT_RETAIN_SELF = YES;
				CLANG_WARN_OBJC_LITERAL_CONVERSION = YES;
				CLANG_WARN_OBJC_ROOT_CLASS = YES_ERROR;
				CLANG_WARN_QUOTED_INCLUDE_IN_FRAMEWORK_HEADER = YES;
				CLANG_WARN_RANGE_LOOP_ANALYSIS = YES;
				CLANG_WARN_STRICT_PROTOTYPES = YES;
				CLANG_WARN_SUSPICIOUS_MOVE = YES;
				CLANG_WARN_UNGUARDED_AVAILABILITY = YES_AGGRESSIVE;
				CLANG_WARN_UNREACHABLE_CODE = YES;
				CLANG_WARN__DUPLICATE_METHOD_MATCH = YES;
				COPY_PHASE_STRIP = NO;
				DEBUG_INFORMATION_FORMAT = "dwarf-with-dsym";
				ENABLE_NS_ASSERTIONS = NO;
				ENABLE_STRICT_OBJC_MSGSEND = YES;
				GCC_C_LANGUAGE_STANDARD = gnu11;
				GCC_NO_COMMON_BLOCKS = YES;
				GCC_WARN_64_TO_32_BIT_CONVERSION = YES;
				GCC_WARN_ABOUT_RETURN_TYPE = YES_ERROR;
				GCC_WARN_UNDECLARED_SELECTOR = YES;
				GCC_WARN_UNINITIALIZED_AUTOS = YES_AGGRESSIVE;
				GCC_WARN_UNUSED_FUNCTION = YES;
				GCC_WARN_UNUSED_VARIABLE = YES;
				IPHONEOS_DEPLOYMENT_TARGET = 15.5;
				MTL_ENABLE_DEBUG_INFO = NO;
				MTL_FAST_MATH = YES;
				SDKROOT = iphoneos;
				SWIFT_COMPILATION_MODE = wholemodule;
				SWIFT_OPTIMIZATION_LEVEL = "-O";
				VALIDATE_PRODUCT = YES;
			};
			name = Release;
		};
		688718362A1E65E600912FDB /* Debug */ = {
			isa = XCBuildConfiguration;
			buildSettings = {
				ASSETCATALOG_COMPILER_APPICON_NAME = AppIcon;
				ASSETCATALOG_COMPILER_GLOBAL_ACCENT_COLOR_NAME = AccentColor;
				CODE_SIGN_STYLE = Automatic;
				CURRENT_PROJECT_VERSION = 1;
				GENERATE_INFOPLIST_FILE = YES;
				INFOPLIST_FILE = VelardeSoundBoard/Info.plist;
				INFOPLIST_KEY_UIApplicationSupportsIndirectInputEvents = YES;
				INFOPLIST_KEY_UILaunchStoryboardName = LaunchScreen;
				INFOPLIST_KEY_UIMainStoryboardFile = Main;
				INFOPLIST_KEY_UISupportedInterfaceOrientations_iPad = "UIInterfaceOrientationPortrait UIInterfaceOrientationPortraitUpsideDown UIInterfaceOrientationLandscapeLeft UIInterfaceOrientationLandscapeRight";
				INFOPLIST_KEY_UISupportedInterfaceOrientations_iPhone = "UIInterfaceOrientationPortrait UIInterfaceOrientationLandscapeLeft UIInterfaceOrientationLandscapeRight";
				LD_RUNPATH_SEARCH_PATHS = (
					"$(inherited)",
					"@executable_path/Frameworks",
				);
				MARKETING_VERSION = 1.0;
				PRODUCT_BUNDLE_IDENTIFIER = empresa.VelardeSoundBoard;
				PRODUCT_NAME = "$(TARGET_NAME)";
				SWIFT_EMIT_LOC_STRINGS = YES;
				SWIFT_VERSION = 5.0;
				TARGETED_DEVICE_FAMILY = "1,2";
			};
			name = Debug;
		};
		688718372A1E65E600912FDB /* Release */ = {
			isa = XCBuildConfiguration;
			buildSettings = {
				ASSETCATALOG_COMPILER_APPICON_NAME = AppIcon;
				ASSETCATALOG_COMPILER_GLOBAL_ACCENT_COLOR_NAME = AccentColor;
				CODE_SIGN_STYLE = Automatic;
				CURRENT_PROJECT_VERSION = 1;
				GENERATE_INFOPLIST_FILE = YES;
				INFOPLIST_FILE = VelardeSoundBoard/Info.plist;
				INFOPLIST_KEY_UIApplicationSupportsIndirectInputEvents = YES;
				INFOPLIST_KEY_UILaunchStoryboardName = LaunchScreen;
				INFOPLIST_KEY_UIMainStoryboardFile = Main;
				INFOPLIST_KEY_UISupportedInterfaceOrientations_iPad = "UIInterfaceOrientationPortrait UIInterfaceOrientationPortraitUpsideDown UIInterfaceOrientationLandscapeLeft UIInterfaceOrientationLandscapeRight";
				INFOPLIST_KEY_UISupportedInterfaceOrientations_iPhone = "UIInterfaceOrientationPortrait UIInterfaceOrientationLandscapeLeft UIInterfaceOrientationLandscapeRight";
				LD_RUNPATH_SEARCH_PATHS = (
					"$(inherited)",
					"@executable_path/Frameworks",
				);
				MARKETING_VERSION = 1.0;
				PRODUCT_BUNDLE_IDENTIFIER = empresa.VelardeSoundBoard;
				PRODUCT_NAME = "$(TARGET_NAME)";
				SWIFT_EMIT_LOC_STRINGS = YES;
				SWIFT_VERSION = 5.0;
				TARGETED_DEVICE_FAMILY = "1,2";
			};
			name = Release;
		};
/* End XCBuildConfiguration section */

/* Begin XCConfigurationList section */
		688718192A1E65E400912FDB /* Build configuration list for PBXProject "VelardeSoundBoard" */ = {
			isa = XCConfigurationList;
			buildConfigurations = (
				688718332A1E65E600912FDB /* Debug */,
				688718342A1E65E600912FDB /* Release */,
			);
			defaultConfigurationIsVisible = 0;
			defaultConfigurationName = Release;
		};
		688718352A1E65E600912FDB /* Build configuration list for PBXNativeTarget "VelardeSoundBoard" */ = {
			isa = XCConfigurationList;
			buildConfigurations = (
				688718362A1E65E600912FDB /* Debug */,
				688718372A1E65E600912FDB /* Release */,
			);
			defaultConfigurationIsVisible = 0;
			defaultConfigurationName = Release;
		};
/* End XCConfigurationList section */

/* Begin XCVersionGroup section */
		6887182A2A1E65E400912FDB /* VelardeSoundBoard.xcdatamodeld */ = {
			isa = XCVersionGroup;
			children = (
				6887182B2A1E65E400912FDB /* VelardeSoundBoard.xcdatamodel */,
			);
			currentVersion = 6887182B2A1E65E400912FDB /* VelardeSoundBoard.xcdatamodel */;
			path = VelardeSoundBoard.xcdatamodeld;
			sourceTree = "<group>";
			versionGroupType = wrapper.xcdatamodel;
		};
/* End XCVersionGroup section */
	};
	rootObject = 688718162A1E65E400912FDB /* Project object */;
}
